// !$*UTF8*$!
{
	archiveVersion = 1;
	classes = {
	};
	objectVersion = 46;
	objects = {

/* Begin PBXBuildFile section */
		FA4B3A9B1712A37700BE1B2E /* ForecastViewController.m in Sources */ = {isa = PBXBuildFile; fileRef = FA4B3A991712A37700BE1B2E /* ForecastViewController.m */; };
		FA4B3A9C1712A37700BE1B2E /* ForecastViewController.xib in Resources */ = {isa = PBXBuildFile; fileRef = FA4B3A9A1712A37700BE1B2E /* ForecastViewController.xib */; };
		FAE665FB170AB20A00594E8C /* UIKit.framework in Frameworks */ = {isa = PBXBuildFile; fileRef = FAE665FA170AB20A00594E8C /* UIKit.framework */; };
		FAE665FD170AB20A00594E8C /* Foundation.framework in Frameworks */ = {isa = PBXBuildFile; fileRef = FAE665FC170AB20A00594E8C /* Foundation.framework */; };
		FAE665FF170AB20A00594E8C /* CoreGraphics.framework in Frameworks */ = {isa = PBXBuildFile; fileRef = FAE665FE170AB20A00594E8C /* CoreGraphics.framework */; };
		FAE66605170AB20A00594E8C /* InfoPlist.strings in Resources */ = {isa = PBXBuildFile; fileRef = FAE66603170AB20A00594E8C /* InfoPlist.strings */; };
		FAE66607170AB20A00594E8C /* main.m in Sources */ = {isa = PBXBuildFile; fileRef = FAE66606170AB20A00594E8C /* main.m */; };
		FAE6660B170AB20A00594E8C /* AppDelegate.m in Sources */ = {isa = PBXBuildFile; fileRef = FAE6660A170AB20A00594E8C /* AppDelegate.m */; };
		FAE6660D170AB20A00594E8C /* Default.png in Resources */ = {isa = PBXBuildFile; fileRef = FAE6660C170AB20A00594E8C /* Default.png */; };
		FAE6660F170AB20A00594E8C /* Default@2x.png in Resources */ = {isa = PBXBuildFile; fileRef = FAE6660E170AB20A00594E8C /* Default@2x.png */; };
		FAE66611170AB20A00594E8C /* Default-568h@2x.png in Resources */ = {isa = PBXBuildFile; fileRef = FAE66610170AB20A00594E8C /* Default-568h@2x.png */; };
		FAE66614170AB20A00594E8C /* ViewController.m in Sources */ = {isa = PBXBuildFile; fileRef = FAE66613170AB20A00594E8C /* ViewController.m */; };
/* End PBXBuildFile section */

/* Begin PBXFileReference section */
		FA4B3A981712A37700BE1B2E /* ForecastViewController.h */ = {isa = PBXFileReference; fileEncoding = 4; lastKnownFileType = sourcecode.c.h; path = ForecastViewController.h; sourceTree = "<group>"; };
		FA4B3A991712A37700BE1B2E /* ForecastViewController.m */ = {isa = PBXFileReference; fileEncoding = 4; lastKnownFileType = sourcecode.c.objc; path = ForecastViewController.m; sourceTree = "<group>"; };
		FA4B3A9A1712A37700BE1B2E /* ForecastViewController.xib */ = {isa = PBXFileReference; fileEncoding = 4; lastKnownFileType = file.xib; path = ForecastViewController.xib; sourceTree = "<group>"; };
		FAE665F7170AB20A00594E8C /* iSearch.app */ = {isa = PBXFileReference; explicitFileType = wrapper.application; includeInIndex = 0; path = iSearch.app; sourceTree = BUILT_PRODUCTS_DIR; };
		FAE665FA170AB20A00594E8C /* UIKit.framework */ = {isa = PBXFileReference; lastKnownFileType = wrapper.framework; name = UIKit.framework; path = System/Library/Frameworks/UIKit.framework; sourceTree = SDKROOT; };
		FAE665FC170AB20A00594E8C /* Foundation.framework */ = {isa = PBXFileReference; lastKnownFileType = wrapper.framework; name = Foundation.framework; path = System/Library/Frameworks/Foundation.framework; sourceTree = SDKROOT; };
		FAE665FE170AB20A00594E8C /* CoreGraphics.framework */ = {isa = PBXFileReference; lastKnownFileType = wrapper.framework; name = CoreGraphics.framework; path = System/Library/Frameworks/CoreGraphics.framework; sourceTree = SDKROOT; };
		FAE66602170AB20A00594E8C /* iSearch-Info.plist */ = {isa = PBXFileReference; lastKnownFileType = text.plist.xml; path = "iSearch-Info.plist"; sourceTree = "<group>"; };
		FAE66604170AB20A00594E8C /* en */ = {isa = PBXFileReference; lastKnownFileType = text.plist.strings; name = en; path = en.lproj/InfoPlist.strings; sourceTree = "<group>"; };
		FAE66606170AB20A00594E8C /* main.m */ = {isa = PBXFileReference; lastKnownFileType = sourcecode.c.objc; lineEnding = 0; path = main.m; sourceTree = "<group>"; xcLanguageSpecificationIdentifier = xcode.lang.objc; };
		FAE66608170AB20A00594E8C /* iSearch-Prefix.pch */ = {isa = PBXFileReference; lastKnownFileType = sourcecode.c.h; lineEnding = 0; path = "iSearch-Prefix.pch"; sourceTree = "<group>"; xcLanguageSpecificationIdentifier = xcode.lang.objc; };
		FAE66609170AB20A00594E8C /* AppDelegate.h */ = {isa = PBXFileReference; lastKnownFileType = sourcecode.c.h; lineEnding = 0; path = AppDelegate.h; sourceTree = "<group>"; xcLanguageSpecificationIdentifier = xcode.lang.objcpp; };
		FAE6660A170AB20A00594E8C /* AppDelegate.m */ = {isa = PBXFileReference; lastKnownFileType = sourcecode.c.objc; lineEnding = 0; path = AppDelegate.m; sourceTree = "<group>"; xcLanguageSpecificationIdentifier = xcode.lang.objc; };
		FAE6660C170AB20A00594E8C /* Default.png */ = {isa = PBXFileReference; lastKnownFileType = image.png; path = Default.png; sourceTree = "<group>"; };
		FAE6660E170AB20A00594E8C /* Default@2x.png */ = {isa = PBXFileReference; lastKnownFileType = image.png; path = "Default@2x.png"; sourceTree = "<group>"; };
		FAE66610170AB20A00594E8C /* Default-568h@2x.png */ = {isa = PBXFileReference; lastKnownFileType = image.png; path = "Default-568h@2x.png"; sourceTree = "<group>"; };
		FAE66612170AB20A00594E8C /* ViewController.h */ = {isa = PBXFileReference; lastKnownFileType = sourcecode.c.h; path = ViewController.h; sourceTree = "<group>"; };
		FAE66613170AB20A00594E8C /* ViewController.m */ = {isa = PBXFileReference; lastKnownFileType = sourcecode.c.objc; path = ViewController.m; sourceTree = "<group>"; };
/* End PBXFileReference section */

/* Begin PBXFrameworksBuildPhase section */
		FAE665F4170AB20A00594E8C /* Frameworks */ = {
			isa = PBXFrameworksBuildPhase;
			buildActionMask = 2147483647;
			files = (
				FAE665FB170AB20A00594E8C /* UIKit.framework in Frameworks */,
				FAE665FD170AB20A00594E8C /* Foundation.framework in Frameworks */,
				FAE665FF170AB20A00594E8C /* CoreGraphics.framework in Frameworks */,
			);
			runOnlyForDeploymentPostprocessing = 0;
		};
/* End PBXFrameworksBuildPhase section */

/* Begin PBXGroup section */
		FAE665EE170AB20A00594E8C = {
			isa = PBXGroup;
			children = (
				FAE66600170AB20A00594E8C /* iSearch */,
				FAE665F9170AB20A00594E8C /* Frameworks */,
				FAE665F8170AB20A00594E8C /* Products */,
			);
			sourceTree = "<group>";
		};
		FAE665F8170AB20A00594E8C /* Products */ = {
			isa = PBXGroup;
			children = (
				FAE665F7170AB20A00594E8C /* iSearch.app */,
			);
			name = Products;
			sourceTree = "<group>";
		};
		FAE665F9170AB20A00594E8C /* Frameworks */ = {
			isa = PBXGroup;
			children = (
				FAE665FA170AB20A00594E8C /* UIKit.framework */,
				FAE665FC170AB20A00594E8C /* Foundation.framework */,
				FAE665FE170AB20A00594E8C /* CoreGraphics.framework */,
			);
			name = Frameworks;
			sourceTree = "<group>";
		};
		FAE66600170AB20A00594E8C /* iSearch */ = {
			isa = PBXGroup;
			children = (
				FAE66609170AB20A00594E8C /* AppDelegate.h */,
				FAE6660A170AB20A00594E8C /* AppDelegate.m */,
				FAE66612170AB20A00594E8C /* ViewController.h */,
				FAE66613170AB20A00594E8C /* ViewController.m */,
				FA4B3A981712A37700BE1B2E /* ForecastViewController.h */,
				FA4B3A991712A37700BE1B2E /* ForecastViewController.m */,
				FA4B3A9A1712A37700BE1B2E /* ForecastViewController.xib */,
				FAE66601170AB20A00594E8C /* Supporting Files */,
			);
			path = iSearch;
			sourceTree = "<group>";
		};
		FAE66601170AB20A00594E8C /* Supporting Files */ = {
			isa = PBXGroup;
			children = (
				FAE66602170AB20A00594E8C /* iSearch-Info.plist */,
				FAE66603170AB20A00594E8C /* InfoPlist.strings */,
				FAE66606170AB20A00594E8C /* main.m */,
				FAE66608170AB20A00594E8C /* iSearch-Prefix.pch */,
				FAE6660C170AB20A00594E8C /* Default.png */,
				FAE6660E170AB20A00594E8C /* Default@2x.png */,
				FAE66610170AB20A00594E8C /* Default-568h@2x.png */,
			);
			name = "Supporting Files";
			sourceTree = "<group>";
		};
/* End PBXGroup section */

/* Begin PBXNativeTarget section */
		FAE665F6170AB20A00594E8C /* iSearch */ = {
			isa = PBXNativeTarget;
			buildConfigurationList = FAE6661A170AB20A00594E8C /* Build configuration list for PBXNativeTarget "iSearch" */;
			buildPhases = (
				FAE665F3170AB20A00594E8C /* Sources */,
				FAE665F4170AB20A00594E8C /* Frameworks */,
				FAE665F5170AB20A00594E8C /* Resources */,
			);
			buildRules = (
			);
			dependencies = (
			);
			name = iSearch;
			productName = iSearch;
			productReference = FAE665F7170AB20A00594E8C /* iSearch.app */;
			productType = "com.apple.product-type.application";
		};
/* End PBXNativeTarget section */

/* Begin PBXProject section */
		FAE665EF170AB20A00594E8C /* Project object */ = {
			isa = PBXProject;
			attributes = {
				LastUpgradeCheck = 0460;
				ORGANIZATIONNAME = AleX;
			};
			buildConfigurationList = FAE665F2170AB20A00594E8C /* Build configuration list for PBXProject "iSearch" */;
			compatibilityVersion = "Xcode 3.2";
			developmentRegion = English;
			hasScannedForEncodings = 0;
			knownRegions = (
				en,
			);
			mainGroup = FAE665EE170AB20A00594E8C;
			productRefGroup = FAE665F8170AB20A00594E8C /* Products */;
			projectDirPath = "";
			projectRoot = "";
			targets = (
				FAE665F6170AB20A00594E8C /* iSearch */,
			);
		};
/* End PBXProject section */

/* Begin PBXResourcesBuildPhase section */
		FAE665F5170AB20A00594E8C /* Resources */ = {
			isa = PBXResourcesBuildPhase;
			buildActionMask = 2147483647;
			files = (
				FAE66605170AB20A00594E8C /* InfoPlist.strings in Resources */,
				FAE6660D170AB20A00594E8C /* Default.png in Resources */,
				FAE6660F170AB20A00594E8C /* Default@2x.png in Resources */,
				FAE66611170AB20A00594E8C /* Default-568h@2x.png in Resources */,
				FA4B3A9C1712A37700BE1B2E /* ForecastViewController.xib in Resources */,
			);
			runOnlyForDeploymentPostprocessing = 0;
		};
/* End PBXResourcesBuildPhase section */

/* Begin PBXSourcesBuildPhase section */
		FAE665F3170AB20A00594E8C /* Sources */ = {
			isa = PBXSourcesBuildPhase;
			buildActionMask = 2147483647;
			files = (
				FAE66607170AB20A00594E8C /* main.m in Sources */,
				FAE6660B170AB20A00594E8C /* AppDelegate.m in Sources */,
				FAE66614170AB20A00594E8C /* ViewController.m in Sources */,
				FA4B3A9B1712A37700BE1B2E /* ForecastViewController.m in Sources */,
			);
			runOnlyForDeploymentPostprocessing = 0;
		};
/* End PBXSourcesBuildPhase section */

/* Begin PBXVariantGroup section */
		FAE66603170AB20A00594E8C /* InfoPlist.strings */ = {
			isa = PBXVariantGroup;
			children = (
				FAE66604170AB20A00594E8C /* en */,
			);
			name = InfoPlist.strings;
			sourceTree = "<group>";
		};
/* End PBXVariantGroup section */

/* Begin XCBuildConfiguration section */
		FAE66618170AB20A00594E8C /* Debug */ = {
			isa = XCBuildConfiguration;
			buildSettings = {
				ALWAYS_SEARCH_USER_PATHS = NO;
				CLANG_CXX_LANGUAGE_STANDARD = "gnu++0x";
				CLANG_CXX_LIBRARY = "libc++";
				CLANG_ENABLE_OBJC_ARC = YES;
				CLANG_WARN_CONSTANT_CONVERSION = YES;
				CLANG_WARN_EMPTY_BODY = YES;
				CLANG_WARN_ENUM_CONVERSION = YES;
				CLANG_WARN_INT_CONVERSION = YES;
				CLANG_WARN__DUPLICATE_METHOD_MATCH = YES;
				"CODE_SIGN_IDENTITY[sdk=iphoneos*]" = "iPhone Developer";
				COPY_PHASE_STRIP = NO;
				GCC_C_LANGUAGE_STANDARD = gnu99;
				GCC_DYNAMIC_NO_PIC = NO;
				GCC_OPTIMIZATION_LEVEL = 0;
				GCC_PREPROCESSOR_DEFINITIONS = (
					"DEBUG=1",
					"$(inherited)",
				);
				GCC_SYMBOLS_PRIVATE_EXTERN = NO;
				GCC_WARN_ABOUT_RETURN_TYPE = YES;
				GCC_WARN_UNINITIALIZED_AUTOS = YES;
				GCC_WARN_UNUSED_VARIABLE = YES;
				IPHONEOS_DEPLOYMENT_TARGET = 4.3;
				ONLY_ACTIVE_ARCH = YES;
				SDKROOT = iphoneos;
			};
			name = Debug;
		};
		FAE66619170AB20A00594E8C /* Release */ = {
			isa = XCBuildConfiguration;
			buildSettings = {
				ALWAYS_SEARCH_USER_PATHS = NO;
				CLANG_CXX_LANGUAGE_STANDARD = "gnu++0x";
				CLANG_CXX_LIBRARY = "libc++";
				CLANG_ENABLE_OBJC_ARC = YES;
				CLANG_WARN_CONSTANT_CONVERSION = YES;
				CLANG_WARN_EMPTY_BODY = YES;
				CLANG_WARN_ENUM_CONVERSION = YES;
				CLANG_WARN_INT_CONVERSION = YES;
				CLANG_WARN__DUPLICATE_METHOD_MATCH = YES;
				"CODE_SIGN_IDENTITY[sdk=iphoneos*]" = "iPhone Developer";
				COPY_PHASE_STRIP = YES;
				GCC_C_LANGUAGE_STANDARD = gnu99;
				GCC_WARN_ABOUT_RETURN_TYPE = YES;
				GCC_WARN_UNINITIALIZED_AUTOS = YES;
				GCC_WARN_UNUSED_VARIABLE = YES;
				IPHONEOS_DEPLOYMENT_TARGET = 4.3;
				OTHER_CFLAGS = "-DNS_BLOCK_ASSERTIONS=1";
				SDKROOT = iphoneos;
				VALIDATE_PRODUCT = YES;
			};
			name = Release;
		};
		FAE6661B170AB20A00594E8C /* Debug */ = {
			isa = XCBuildConfiguration;
			buildSettings = {
				GCC_PRECOMPILE_PREFIX_HEADER = YES;
				GCC_PREFIX_HEADER = "iSearch/iSearch-Prefix.pch";
				INFOPLIST_FILE = "iSearch/iSearch-Info.plist";
				IPHONEOS_DEPLOYMENT_TARGET = 5.0;
				PRODUCT_NAME = "$(TARGET_NAME)";
				WRAPPER_EXTENSION = app;
			};
			name = Debug;
		};
		FAE6661C170AB20A00594E8C /* Release */ = {
			isa = XCBuildConfiguration;
			buildSettings = {
				GCC_PRECOMPILE_PREFIX_HEADER = YES;
				GCC_PREFIX_HEADER = "iSearch/iSearch-Prefix.pch";
				INFOPLIST_FILE = "iSearch/iSearch-Info.plist";
				IPHONEOS_DEPLOYMENT_TARGET = 5.0;
				PRODUCT_NAME = "$(TARGET_NAME)";
				WRAPPER_EXTENSION = app;
			};
			name = Release;
		};
/* End XCBuildConfiguration section */

/* Begin XCConfigurationList section */
		FAE665F2170AB20A00594E8C /* Build configuration list for PBXProject "iSearch" */ = {
			isa = XCConfigurationList;
			buildConfigurations = (
				FAE66618170AB20A00594E8C /* Debug */,
				FAE66619170AB20A00594E8C /* Release */,
			);
			defaultConfigurationIsVisible = 0;
			defaultConfigurationName = Release;
		};
		FAE6661A170AB20A00594E8C /* Build configuration list for PBXNativeTarget "iSearch" */ = {
			isa = XCConfigurationList;
			buildConfigurations = (
				FAE6661B170AB20A00594E8C /* Debug */,
				FAE6661C170AB20A00594E8C /* Release */,
			);
			defaultConfigurationIsVisible = 0;
			defaultConfigurationName = Release;
		};
/* End XCConfigurationList section */
	};
	rootObject = FAE665EF170AB20A00594E8C /* Project object */;
}
